
Microsoft Visual Studio Solution File, Format Version 12.00
# Visual Studio Version 16
VisualStudioVersion = 16.0.32228.343
MinimumVisualStudioVersion = 10.0.40219.1
Project("{FAE04EC0-301F-11D3-BF4B-00C04F79EFBC}") = "Pareto", "Pareto\Pareto.csproj", "{0FCFEF06-FABB-4A61-865E-7C4D2CF0B240}"
EndProject
Global
	GlobalSection(SolutionConfigurationPlatforms) = preSolution
		Debug|Any CPU = Debug|Any CPU
		Release|Any CPU = Release|Any CPU
	EndGlobalSection
	GlobalSection(ProjectConfigurationPlatforms) = postSolution
		{0FCFEF06-FABB-4A61-865E-7C4D2CF0B240}.Debug|Any CPU.ActiveCfg = Debug|Any CPU
		{0FCFEF06-FABB-4A61-865E-7C4D2CF0B240}.Debug|Any CPU.Build.0 = Debug|Any CPU
		{0FCFEF06-FABB-4A61-865E-7C4D2CF0B240}.Release|Any CPU.ActiveCfg = Release|Any CPU
		{0FCFEF06-FABB-4A61-865E-7C4D2CF0B240}.Release|Any CPU.Build.0 = Release|Any CPU
	EndGlobalSection
	GlobalSection(SolutionProperties) = preSolution
		HideSolutionNode = FALSE
	EndGlobalSection
	GlobalSection(ExtensibilityGlobals) = postSolution
		SolutionGuid = {899A0386-0693-4C98-A2C4-3A9317E210A9}
	EndGlobalSection
EndGlobal
